
Microsoft Visual Studio Solution File, Format Version 12.00
# Visual Studio 15
VisualStudioVersion = 15.0.27130.2020
MinimumVisualStudioVersion = 10.0.40219.1
Project("{FAE04EC0-301F-11D3-BF4B-00C04F79EFBC}") = "MegaDesk-4-RachelBarnes", "MegaDesk-3-RachelBarnes\MegaDesk-4-RachelBarnes.csproj", "{0074A557-D95B-435B-9A90-03035C1FADB8}"
EndProject
Global
	GlobalSection(SolutionConfigurationPlatforms) = preSolution
		Debug|Any CPU = Debug|Any CPU
		Release|Any CPU = Release|Any CPU
	EndGlobalSection
	GlobalSection(ProjectConfigurationPlatforms) = postSolution
		{0074A557-D95B-435B-9A90-03035C1FADB8}.Debug|Any CPU.ActiveCfg = Debug|Any CPU
		{0074A557-D95B-435B-9A90-03035C1FADB8}.Debug|Any CPU.Build.0 = Debug|Any CPU
		{0074A557-D95B-435B-9A90-03035C1FADB8}.Release|Any CPU.ActiveCfg = Release|Any CPU
		{0074A557-D95B-435B-9A90-03035C1FADB8}.Release|Any CPU.Build.0 = Release|Any CPU
	EndGlobalSection
	GlobalSection(SolutionProperties) = preSolution
		HideSolutionNode = FALSE
	EndGlobalSection
	GlobalSection(ExtensibilityGlobals) = postSolution
		SolutionGuid = {79B4FC4C-755C-472C-A3C0-0A9C77239718}
	EndGlobalSection
EndGlobal
